
Microsoft Visual Studio Solution File, Format Version 12.00
# Visual Studio Version 17
VisualStudioVersion = 17.2.32526.322
MinimumVisualStudioVersion = 10.0.40219.1
Project("{FAE04EC0-301F-11D3-BF4B-00C04F79EFBC}") = "Crud.Domain", "..\Crud.Domain\Crud.Domain.csproj", "{33A3515C-3EF6-46A8-BA2F-F6BA425C95E6}"
EndProject
Project("{FAE04EC0-301F-11D3-BF4B-00C04F79EFBC}") = "Crud.EF", "..\Crud.EF\Crud.EF.csproj", "{C97A292B-5F78-47B8-AF1D-769BFACFFEA5}"
EndProject
Project("{FAE04EC0-301F-11D3-BF4B-00C04F79EFBC}") = "Crud.UI", "..\Crud.UI\Crud.UI.csproj", "{96AFBF30-1428-4732-82AB-194BA34F26C0}"
EndProject
Global
	GlobalSection(SolutionConfigurationPlatforms) = preSolution
		Debug|Any CPU = Debug|Any CPU
		Release|Any CPU = Release|Any CPU
	EndGlobalSection
	GlobalSection(ProjectConfigurationPlatforms) = postSolution
		{33A3515C-3EF6-46A8-BA2F-F6BA425C95E6}.Debug|Any CPU.ActiveCfg = Debug|Any CPU
		{33A3515C-3EF6-46A8-BA2F-F6BA425C95E6}.Debug|Any CPU.Build.0 = Debug|Any CPU
		{33A3515C-3EF6-46A8-BA2F-F6BA425C95E6}.Release|Any CPU.ActiveCfg = Release|Any CPU
		{33A3515C-3EF6-46A8-BA2F-F6BA425C95E6}.Release|Any CPU.Build.0 = Release|Any CPU
		{C97A292B-5F78-47B8-AF1D-769BFACFFEA5}.Debug|Any CPU.ActiveCfg = Debug|Any CPU
		{C97A292B-5F78-47B8-AF1D-769BFACFFEA5}.Debug|Any CPU.Build.0 = Debug|Any CPU
		{C97A292B-5F78-47B8-AF1D-769BFACFFEA5}.Release|Any CPU.ActiveCfg = Release|Any CPU
		{C97A292B-5F78-47B8-AF1D-769BFACFFEA5}.Release|Any CPU.Build.0 = Release|Any CPU
		{96AFBF30-1428-4732-82AB-194BA34F26C0}.Debug|Any CPU.ActiveCfg = Debug|Any CPU
		{96AFBF30-1428-4732-82AB-194BA34F26C0}.Debug|Any CPU.Build.0 = Debug|Any CPU
		{96AFBF30-1428-4732-82AB-194BA34F26C0}.Release|Any CPU.ActiveCfg = Release|Any CPU
		{96AFBF30-1428-4732-82AB-194BA34F26C0}.Release|Any CPU.Build.0 = Release|Any CPU
	EndGlobalSection
	GlobalSection(SolutionProperties) = preSolution
		HideSolutionNode = FALSE
	EndGlobalSection
	GlobalSection(ExtensibilityGlobals) = postSolution
		SolutionGuid = {1B10FD4E-E2AB-4983-ABF7-74D964694434}
	EndGlobalSection
EndGlobal
